# This file was autogenerated by Stack.
# You should not edit this file by hand.
# For more information, please see the documentation at:
#   https://docs.haskellstack.org/en/stable/lock_files

packages:
- completed:
    commit: 27a3cca66ef4d225b83b57646a279ec9e0c2f970
    git: https://github.com/space-vacuum/aeson-pretty
    name: aeson-pretty
    pantry-tree:
      sha256: 04e0ac8d63a3e3b7a2d7d0c25f0057afe4b2a76237c16f98649ca924105a2b7d
      size: 578
    version: 0.8.10
  original:
    commit: 27a3cca66ef4d225b83b57646a279ec9e0c2f970
    git: https://github.com/space-vacuum/aeson-pretty
- completed:
    commit: 25d4151b01f9b0fa241005be891fe2f1e30879ba
    git: https://github.com/space-vacuum/openapi3
    name: openapi3
    pantry-tree:
      sha256: e9288a90be75742d41fd979032066cba890ed8b17a27b275359e547a6b9f9033
      size: 2658
    version: 3.2.3
  original:
    commit: 25d4151b01f9b0fa241005be891fe2f1e30879ba
    git: https://github.com/space-vacuum/openapi3
snapshots:
- completed:
    sha256: 97710f56bf093fca0ee5d8dbe19d96b654c752e405b66795b4baedd84a794c60
    size: 640010
    url: https://raw.githubusercontent.com/commercialhaskell/stackage-snapshots/master/lts/21/3.yaml
  original: lts-21.3
